// !$*UTF8*$!
{
	archiveVersion = 1;
	classes = {
	};
	objectVersion = 50;
	objects = {

/* Begin PBXBuildFile section */
		3D1006B1230B573D0061DD78 /* AppDelegate.swift in Sources */ = {isa = PBXBuildFile; fileRef = 3D1006B0230B573D0061DD78 /* AppDelegate.swift */; };
		3D1006B3230B573D0061DD78 /* ViewController.swift in Sources */ = {isa = PBXBuildFile; fileRef = 3D1006B2230B573D0061DD78 /* ViewController.swift */; };
		3D1006B6230B573D0061DD78 /* Main.storyboard in Resources */ = {isa = PBXBuildFile; fileRef = 3D1006B4230B573D0061DD78 /* Main.storyboard */; };
		3D1006B8230B57400061DD78 /* Assets.xcassets in Resources */ = {isa = PBXBuildFile; fileRef = 3D1006B7230B57400061DD78 /* Assets.xcassets */; };
		3D1006BB230B57400061DD78 /* LaunchScreen.storyboard in Resources */ = {isa = PBXBuildFile; fileRef = 3D1006B9230B57400061DD78 /* LaunchScreen.storyboard */; };
		3D1006C5230CAF7E0061DD78 /* DateAnalyzer.swift in Sources */ = {isa = PBXBuildFile; fileRef = 3D1006C4230CAF7E0061DD78 /* DateAnalyzer.swift */; };
		3D1006C7230D9B730061DD78 /* Errors.swift in Sources */ = {isa = PBXBuildFile; fileRef = 3D1006C6230D9B730061DD78 /* Errors.swift */; };
/* End PBXBuildFile section */

/* Begin PBXFileReference section */
		3D1006AD230B573D0061DD78 /* Real-Time_Siddur.app */ = {isa = PBXFileReference; explicitFileType = wrapper.application; includeInIndex = 0; path = "Real-Time_Siddur.app"; sourceTree = BUILT_PRODUCTS_DIR; };
		3D1006B0230B573D0061DD78 /* AppDelegate.swift */ = {isa = PBXFileReference; lastKnownFileType = sourcecode.swift; path = AppDelegate.swift; sourceTree = "<group>"; };
		3D1006B2230B573D0061DD78 /* ViewController.swift */ = {isa = PBXFileReference; lastKnownFileType = sourcecode.swift; path = ViewController.swift; sourceTree = "<group>"; };
		3D1006B5230B573D0061DD78 /* Base */ = {isa = PBXFileReference; lastKnownFileType = file.storyboard; name = Base; path = Base.lproj/Main.storyboard; sourceTree = "<group>"; };
		3D1006B7230B57400061DD78 /* Assets.xcassets */ = {isa = PBXFileReference; lastKnownFileType = folder.assetcatalog; path = Assets.xcassets; sourceTree = "<group>"; };
		3D1006BA230B57400061DD78 /* Base */ = {isa = PBXFileReference; lastKnownFileType = file.storyboard; name = Base; path = Base.lproj/LaunchScreen.storyboard; sourceTree = "<group>"; };
		3D1006BC230B57400061DD78 /* Info.plist */ = {isa = PBXFileReference; lastKnownFileType = text.plist.xml; path = Info.plist; sourceTree = "<group>"; };
		3D1006C4230CAF7E0061DD78 /* DateAnalyzer.swift */ = {isa = PBXFileReference; lastKnownFileType = sourcecode.swift; path = DateAnalyzer.swift; sourceTree = "<group>"; };
		3D1006C6230D9B730061DD78 /* Errors.swift */ = {isa = PBXFileReference; lastKnownFileType = sourcecode.swift; path = Errors.swift; sourceTree = "<group>"; };
/* End PBXFileReference section */

/* Begin PBXFrameworksBuildPhase section */
		3D1006AA230B573D0061DD78 /* Frameworks */ = {
			isa = PBXFrameworksBuildPhase;
			buildActionMask = 2147483647;
			files = (
			);
			runOnlyForDeploymentPostprocessing = 0;
		};
/* End PBXFrameworksBuildPhase section */

/* Begin PBXGroup section */
		3D1006A4230B573D0061DD78 = {
			isa = PBXGroup;
			children = (
				3D1006AF230B573D0061DD78 /* Real-Time_Siddur */,
				3D1006AE230B573D0061DD78 /* Products */,
			);
			sourceTree = "<group>";
		};
		3D1006AE230B573D0061DD78 /* Products */ = {
			isa = PBXGroup;
			children = (
				3D1006AD230B573D0061DD78 /* Real-Time_Siddur.app */,
			);
			name = Products;
			sourceTree = "<group>";
		};
		3D1006AF230B573D0061DD78 /* Real-Time_Siddur */ = {
			isa = PBXGroup;
			children = (
				3D1006B0230B573D0061DD78 /* AppDelegate.swift */,
				3D1006B2230B573D0061DD78 /* ViewController.swift */,
				3D1006C4230CAF7E0061DD78 /* DateAnalyzer.swift */,
				3D1006C6230D9B730061DD78 /* Errors.swift */,
				3D1006B4230B573D0061DD78 /* Main.storyboard */,
				3D1006B9230B57400061DD78 /* LaunchScreen.storyboard */,
				3D1006B7230B57400061DD78 /* Assets.xcassets */,
				3D1006BC230B57400061DD78 /* Info.plist */,
			);
			path = "Real-Time_Siddur";
			sourceTree = "<group>";
		};
/* End PBXGroup section */

/* Begin PBXNativeTarget section */
		3D1006AC230B573D0061DD78 /* Real-Time_Siddur */ = {
			isa = PBXNativeTarget;
			buildConfigurationList = 3D1006BF230B57400061DD78 /* Build configuration list for PBXNativeTarget "Real-Time_Siddur" */;
			buildPhases = (
				3D1006A9230B573D0061DD78 /* Sources */,
				3D1006AA230B573D0061DD78 /* Frameworks */,
				3D1006AB230B573D0061DD78 /* Resources */,
			);
			buildRules = (
			);
			dependencies = (
			);
			name = "Real-Time_Siddur";
			productName = "Real-Time_Siddur";
			productReference = 3D1006AD230B573D0061DD78 /* Real-Time_Siddur.app */;
			productType = "com.apple.product-type.application";
		};
/* End PBXNativeTarget section */

/* Begin PBXProject section */
		3D1006A5230B573D0061DD78 /* Project object */ = {
			isa = PBXProject;
			attributes = {
				LastSwiftUpdateCheck = 1030;
				LastUpgradeCheck = 1030;
				ORGANIZATIONNAME = "Ezra Muskat";
				TargetAttributes = {
					3D1006AC230B573D0061DD78 = {
						CreatedOnToolsVersion = 10.3;
					};
				};
			};
			buildConfigurationList = 3D1006A8230B573D0061DD78 /* Build configuration list for PBXProject "Real-Time_Siddur" */;
			compatibilityVersion = "Xcode 9.3";
			developmentRegion = en;
			hasScannedForEncodings = 0;
			knownRegions = (
				en,
				Base,
			);
			mainGroup = 3D1006A4230B573D0061DD78;
			productRefGroup = 3D1006AE230B573D0061DD78 /* Products */;
			projectDirPath = "";
			projectRoot = "";
			targets = (
				3D1006AC230B573D0061DD78 /* Real-Time_Siddur */,
			);
		};
/* End PBXProject section */

/* Begin PBXResourcesBuildPhase section */
		3D1006AB230B573D0061DD78 /* Resources */ = {
			isa = PBXResourcesBuildPhase;
			buildActionMask = 2147483647;
			files = (
				3D1006BB230B57400061DD78 /* LaunchScreen.storyboard in Resources */,
				3D1006B8230B57400061DD78 /* Assets.xcassets in Resources */,
				3D1006B6230B573D0061DD78 /* Main.storyboard in Resources */,
			);
			runOnlyForDeploymentPostprocessing = 0;
		};
/* End PBXResourcesBuildPhase section */

/* Begin PBXSourcesBuildPhase section */
		3D1006A9230B573D0061DD78 /* Sources */ = {
			isa = PBXSourcesBuildPhase;
			buildActionMask = 2147483647;
			files = (
				3D1006C7230D9B730061DD78 /* Errors.swift in Sources */,
				3D1006C5230CAF7E0061DD78 /* DateAnalyzer.swift in Sources */,
				3D1006B3230B573D0061DD78 /* ViewController.swift in Sources */,
				3D1006B1230B573D0061DD78 /* AppDelegate.swift in Sources */,
			);
			runOnlyForDeploymentPostprocessing = 0;
		};
/* End PBXSourcesBuildPhase section */

/* Begin PBXVariantGroup section */
		3D1006B4230B573D0061DD78 /* Main.storyboard */ = {
			isa = PBXVariantGroup;
			children = (
				3D1006B5230B573D0061DD78 /* Base */,
			);
			name = Main.storyboard;
			sourceTree = "<group>";
		};
		3D1006B9230B57400061DD78 /* LaunchScreen.storyboard */ = {
			isa = PBXVariantGroup;
			children = (
				3D1006BA230B57400061DD78 /* Base */,
			);
			name = LaunchScreen.storyboard;
			sourceTree = "<group>";
		};
/* End PBXVariantGroup section */

/* Begin XCBuildConfiguration section */
		3D1006BD230B57400061DD78 /* Debug */ = {
			isa = XCBuildConfiguration;
			buildSettings = {
				ALWAYS_SEARCH_USER_PATHS = NO;
				CLANG_ANALYZER_NONNULL = YES;
				CLANG_ANALYZER_NUMBER_OBJECT_CONVERSION = YES_AGGRESSIVE;
				CLANG_CXX_LANGUAGE_STANDARD = "gnu++14";
				CLANG_CXX_LIBRARY = "libc++";
				CLANG_ENABLE_MODULES = YES;
				CLANG_ENABLE_OBJC_ARC = YES;
				CLANG_ENABLE_OBJC_WEAK = YES;
				CLANG_WARN_BLOCK_CAPTURE_AUTORELEASING = YES;
				CLANG_WARN_BOOL_CONVERSION = YES;
				CLANG_WARN_COMMA = YES;
				CLANG_WARN_CONSTANT_CONVERSION = YES;
				CLANG_WARN_DEPRECATED_OBJC_IMPLEMENTATIONS = YES;
				CLANG_WARN_DIRECT_OBJC_ISA_USAGE = YES_ERROR;
				CLANG_WARN_DOCUMENTATION_COMMENTS = YES;
				CLANG_WARN_EMPTY_BODY = YES;
				CLANG_WARN_ENUM_CONVERSION = YES;
				CLANG_WARN_INFINITE_RECURSION = YES;
				CLANG_WARN_INT_CONVERSION = YES;
				CLANG_WARN_NON_LITERAL_NULL_CONVERSION = YES;
				CLANG_WARN_OBJC_IMPLICIT_RETAIN_SELF = YES;
				CLANG_WARN_OBJC_LITERAL_CONVERSION = YES;
				CLANG_WARN_OBJC_ROOT_CLASS = YES_ERROR;
				CLANG_WARN_RANGE_LOOP_ANALYSIS = YES;
				CLANG_WARN_STRICT_PROTOTYPES = YES;
				CLANG_WARN_SUSPICIOUS_MOVE = YES;
				CLANG_WARN_UNGUARDED_AVAILABILITY = YES_AGGRESSIVE;
				CLANG_WARN_UNREACHABLE_CODE = YES;
				CLANG_WARN__DUPLICATE_METHOD_MATCH = YES;
				CODE_SIGN_IDENTITY = "iPhone Developer";
				COPY_PHASE_STRIP = NO;
				DEBUG_INFORMATION_FORMAT = dwarf;
				ENABLE_STRICT_OBJC_MSGSEND = YES;
				ENABLE_TESTABILITY = YES;
				GCC_C_LANGUAGE_STANDARD = gnu11;
				GCC_DYNAMIC_NO_PIC = NO;
				GCC_NO_COMMON_BLOCKS = YES;
				GCC_OPTIMIZATION_LEVEL = 0;
				GCC_PREPROCESSOR_DEFINITIONS = (
					"DEBUG=1",
					"$(inherited)",
				);
				GCC_WARN_64_TO_32_BIT_CONVERSION = YES;
				GCC_WARN_ABOUT_RETURN_TYPE = YES_ERROR;
				GCC_WARN_UNDECLARED_SELECTOR = YES;
				GCC_WARN_UNINITIALIZED_AUTOS = YES_AGGRESSIVE;
				GCC_WARN_UNUSED_FUNCTION = YES;
				GCC_WARN_UNUSED_VARIABLE = YES;
				IPHONEOS_DEPLOYMENT_TARGET = 12.4;
				MTL_ENABLE_DEBUG_INFO = INCLUDE_SOURCE;
				MTL_FAST_MATH = YES;
				ONLY_ACTIVE_ARCH = YES;
				SDKROOT = iphoneos;
				SWIFT_ACTIVE_COMPILATION_CONDITIONS = DEBUG;
				SWIFT_OPTIMIZATION_LEVEL = "-Onone";
			};
			name = Debug;
		};
		3D1006BE230B57400061DD78 /* Release */ = {
			isa = XCBuildConfiguration;
			buildSettings = {
				ALWAYS_SEARCH_USER_PATHS = NO;
				CLANG_ANALYZER_NONNULL = YES;
				CLANG_ANALYZER_NUMBER_OBJECT_CONVERSION = YES_AGGRESSIVE;
				CLANG_CXX_LANGUAGE_STANDARD = "gnu++14";
				CLANG_CXX_LIBRARY = "libc++";
				CLANG_ENABLE_MODULES = YES;
				CLANG_ENABLE_OBJC_ARC = YES;
				CLANG_ENABLE_OBJC_WEAK = YES;
				CLANG_WARN_BLOCK_CAPTURE_AUTORELEASING = YES;
				CLANG_WARN_BOOL_CONVERSION = YES;
				CLANG_WARN_COMMA = YES;
				CLANG_WARN_CONSTANT_CONVERSION = YES;
				CLANG_WARN_DEPRECATED_OBJC_IMPLEMENTATIONS = YES;
				CLANG_WARN_DIRECT_OBJC_ISA_USAGE = YES_ERROR;
				CLANG_WARN_DOCUMENTATION_COMMENTS = YES;
				CLANG_WARN_EMPTY_BODY = YES;
				CLANG_WARN_ENUM_CONVERSION = YES;
				CLANG_WARN_INFINITE_RECURSION = YES;
				CLANG_WARN_INT_CONVERSION = YES;
				CLANG_WARN_NON_LITERAL_NULL_CONVERSION = YES;
				CLANG_WARN_OBJC_IMPLICIT_RETAIN_SELF = YES;
				CLANG_WARN_OBJC_LITERAL_CONVERSION = YES;
				CLANG_WARN_OBJC_ROOT_CLASS = YES_ERROR;
				CLANG_WARN_RANGE_LOOP_ANALYSIS = YES;
				CLANG_WARN_STRICT_PROTOTYPES = YES;
				CLANG_WARN_SUSPICIOUS_MOVE = YES;
				CLANG_WARN_UNGUARDED_AVAILABILITY = YES_AGGRESSIVE;
				CLANG_WARN_UNREACHABLE_CODE = YES;
				CLANG_WARN__DUPLICATE_METHOD_MATCH = YES;
				CODE_SIGN_IDENTITY = "iPhone Developer";
				COPY_PHASE_STRIP = NO;
				DEBUG_INFORMATION_FORMAT = "dwarf-with-dsym";
				ENABLE_NS_ASSERTIONS = NO;
				ENABLE_STRICT_OBJC_MSGSEND = YES;
				GCC_C_LANGUAGE_STANDARD = gnu11;
				GCC_NO_COMMON_BLOCKS = YES;
				GCC_WARN_64_TO_32_BIT_CONVERSION = YES;
				GCC_WARN_ABOUT_RETURN_TYPE = YES_ERROR;
				GCC_WARN_UNDECLARED_SELECTOR = YES;
				GCC_WARN_UNINITIALIZED_AUTOS = YES_AGGRESSIVE;
				GCC_WARN_UNUSED_FUNCTION = YES;
				GCC_WARN_UNUSED_VARIABLE = YES;
				IPHONEOS_DEPLOYMENT_TARGET = 12.4;
				MTL_ENABLE_DEBUG_INFO = NO;
				MTL_FAST_MATH = YES;
				SDKROOT = iphoneos;
				SWIFT_COMPILATION_MODE = wholemodule;
				SWIFT_OPTIMIZATION_LEVEL = "-O";
				VALIDATE_PRODUCT = YES;
			};
			name = Release;
		};
		3D1006C0230B57400061DD78 /* Debug */ = {
			isa = XCBuildConfiguration;
			buildSettings = {
				ASSETCATALOG_COMPILER_APPICON_NAME = AppIcon;
				CODE_SIGN_STYLE = Automatic;
				DEVELOPMENT_TEAM = UZ24KG2JVL;
				INFOPLIST_FILE = "Real-Time_Siddur/Info.plist";
				LD_RUNPATH_SEARCH_PATHS = (
					"$(inherited)",
					"@executable_path/Frameworks",
				);
				PRODUCT_BUNDLE_IDENTIFIER = "com.EzraMuskat.Real-Time-Siddur";
				PRODUCT_NAME = "$(TARGET_NAME)";
				SWIFT_VERSION = 5.0;
				TARGETED_DEVICE_FAMILY = "1,2";
			};
			name = Debug;
		};
		3D1006C1230B57400061DD78 /* Release */ = {
			isa = XCBuildConfiguration;
			buildSettings = {
				ASSETCATALOG_COMPILER_APPICON_NAME = AppIcon;
				CODE_SIGN_STYLE = Automatic;
				DEVELOPMENT_TEAM = UZ24KG2JVL;
				INFOPLIST_FILE = "Real-Time_Siddur/Info.plist";
				LD_RUNPATH_SEARCH_PATHS = (
					"$(inherited)",
					"@executable_path/Frameworks",
				);
				PRODUCT_BUNDLE_IDENTIFIER = "com.EzraMuskat.Real-Time-Siddur";
				PRODUCT_NAME = "$(TARGET_NAME)";
				SWIFT_VERSION = 5.0;
				TARGETED_DEVICE_FAMILY = "1,2";
			};
			name = Release;
		};
/* End XCBuildConfiguration section */

/* Begin XCConfigurationList section */
		3D1006A8230B573D0061DD78 /* Build configuration list for PBXProject "Real-Time_Siddur" */ = {
			isa = XCConfigurationList;
			buildConfigurations = (
				3D1006BD230B57400061DD78 /* Debug */,
				3D1006BE230B57400061DD78 /* Release */,
			);
			defaultConfigurationIsVisible = 0;
			defaultConfigurationName = Release;
		};
		3D1006BF230B57400061DD78 /* Build configuration list for PBXNativeTarget "Real-Time_Siddur" */ = {
			isa = XCConfigurationList;
			buildConfigurations = (
				3D1006C0230B57400061DD78 /* Debug */,
				3D1006C1230B57400061DD78 /* Release */,
			);
			defaultConfigurationIsVisible = 0;
			defaultConfigurationName = Release;
		};
/* End XCConfigurationList section */
	};
	rootObject = 3D1006A5230B573D0061DD78 /* Project object */;
}
